
Microsoft Visual Studio Solution File, Format Version 12.00
# Visual Studio Version 17
VisualStudioVersion = 17.6.33723.286
MinimumVisualStudioVersion = 10.0.40219.1
Project("{FAE04EC0-301F-11D3-BF4B-00C04F79EFBC}") = "Oasis", "Oasis\Oasis.csproj", "{B03B95FF-94EF-457C-AA12-21CC196D11A7}"
EndProject
Global
	GlobalSection(SolutionConfigurationPlatforms) = preSolution
		Debug|Any CPU = Debug|Any CPU
		Release|Any CPU = Release|Any CPU
	EndGlobalSection
	GlobalSection(ProjectConfigurationPlatforms) = postSolution
		{B03B95FF-94EF-457C-AA12-21CC196D11A7}.Debug|Any CPU.ActiveCfg = Debug|Any CPU
		{B03B95FF-94EF-457C-AA12-21CC196D11A7}.Debug|Any CPU.Build.0 = Debug|Any CPU
		{B03B95FF-94EF-457C-AA12-21CC196D11A7}.Release|Any CPU.ActiveCfg = Release|Any CPU
		{B03B95FF-94EF-457C-AA12-21CC196D11A7}.Release|Any CPU.Build.0 = Release|Any CPU
	EndGlobalSection
	GlobalSection(SolutionProperties) = preSolution
		HideSolutionNode = FALSE
	EndGlobalSection
	GlobalSection(ExtensibilityGlobals) = postSolution
		SolutionGuid = {F5EDE706-628B-478B-A8DA-507EE25FAB16}
	EndGlobalSection
EndGlobal
